{
	"name": "todo",
	"version": "0.0.1",
	"lockfileVersion": 2,
	"requires": true,
	"packages": {
		"": {
			"name": "todo",
			"version": "0.0.1",
			"license": "MIT",
			"dependencies": {
				"coffeescript": "github:jashkenas/coffeescript#pull/5358/head"
			},
			"devDependencies": {
				"@types/node": "^12.12.0",
				"@types/vscode": "^1.52.0"
			},
			"engines": {
				"vscode": "^1.52.0"
			}
		},
		"node_modules/@types/node": {
			"version": "12.20.17",
			"dev": true,
			"license": "MIT"
		},
		"node_modules/@types/vscode": {
			"version": "1.58.1",
			"resolved": "https://registry.npmjs.org/@types/vscode/-/vscode-1.58.1.tgz",
			"integrity": "sha512-sa76rDXiSif09he8KoaWWUQxsuBr2+uND0xn1GUbEODkuEjp2p7Rqd3t5qlvklfmAedLFdL7MdnsPa57uzwcOw==",
			"dev": true
		},
		"node_modules/coffeescript": {
			"version": "2.5.1",
			"resolved": "git+ssh://git@github.com/jashkenas/coffeescript.git#0f7917eaadf780af7a4fd79391f9639e6917d73a",
			"license": "MIT",
			"bin": {
				"cake": "bin/cake",
				"coffee": "bin/coffee"
			},
			"engines": {
				"node": ">=6"
			}
		}
	},
	"dependencies": {
		"@types/node": {
			"version": "12.20.17",
			"dev": true
		},
		"@types/vscode": {
			"version": "1.58.1",
			"resolved": "https://registry.npmjs.org/@types/vscode/-/vscode-1.58.1.tgz",
			"integrity": "sha512-sa76rDXiSif09he8KoaWWUQxsuBr2+uND0xn1GUbEODkuEjp2p7Rqd3t5qlvklfmAedLFdL7MdnsPa57uzwcOw==",
			"dev": true
		},
		"coffeescript": {
			"version": "git+ssh://git@github.com/jashkenas/coffeescript.git#0f7917eaadf780af7a4fd79391f9639e6917d73a",
			"from": "coffeescript@github:jashkenas/coffeescript#pull/5358/head"
		}
	}
}
